
Microsoft Visual Studio Solution File, Format Version 12.00
# Visual Studio Version 17
VisualStudioVersion = 17.11.35327.3
MinimumVisualStudioVersion = 10.0.40219.1
Project("{FAE04EC0-301F-11D3-BF4B-00C04F79EFBC}") = "FormulaOne", "FormulaOne.csproj", "{C7131AEC-DBE1-4410-A9F3-E462C7A1D724}"
EndProject
Project("{FAE04EC0-301F-11D3-BF4B-00C04F79EFBC}") = "Entities", "..\Entities\Entities.csproj", "{ED145575-3880-4253-B99D-729A39883D68}"
EndProject
Project("{FAE04EC0-301F-11D3-BF4B-00C04F79EFBC}") = "DataService", "..\DataService\DataService.csproj", "{0ED93373-5621-440D-85F1-34C594DA8EE1}"
EndProject
Global
	GlobalSection(SolutionConfigurationPlatforms) = preSolution
		Debug|Any CPU = Debug|Any CPU
		Release|Any CPU = Release|Any CPU
	EndGlobalSection
	GlobalSection(ProjectConfigurationPlatforms) = postSolution
		{C7131AEC-DBE1-4410-A9F3-E462C7A1D724}.Debug|Any CPU.ActiveCfg = Debug|Any CPU
		{C7131AEC-DBE1-4410-A9F3-E462C7A1D724}.Debug|Any CPU.Build.0 = Debug|Any CPU
		{C7131AEC-DBE1-4410-A9F3-E462C7A1D724}.Release|Any CPU.ActiveCfg = Release|Any CPU
		{C7131AEC-DBE1-4410-A9F3-E462C7A1D724}.Release|Any CPU.Build.0 = Release|Any CPU
		{ED145575-3880-4253-B99D-729A39883D68}.Debug|Any CPU.ActiveCfg = Debug|Any CPU
		{ED145575-3880-4253-B99D-729A39883D68}.Debug|Any CPU.Build.0 = Debug|Any CPU
		{ED145575-3880-4253-B99D-729A39883D68}.Release|Any CPU.ActiveCfg = Release|Any CPU
		{ED145575-3880-4253-B99D-729A39883D68}.Release|Any CPU.Build.0 = Release|Any CPU
		{0ED93373-5621-440D-85F1-34C594DA8EE1}.Debug|Any CPU.ActiveCfg = Debug|Any CPU
		{0ED93373-5621-440D-85F1-34C594DA8EE1}.Debug|Any CPU.Build.0 = Debug|Any CPU
		{0ED93373-5621-440D-85F1-34C594DA8EE1}.Release|Any CPU.ActiveCfg = Release|Any CPU
		{0ED93373-5621-440D-85F1-34C594DA8EE1}.Release|Any CPU.Build.0 = Release|Any CPU
	EndGlobalSection
	GlobalSection(SolutionProperties) = preSolution
		HideSolutionNode = FALSE
	EndGlobalSection
	GlobalSection(ExtensibilityGlobals) = postSolution
		SolutionGuid = {88A6FE35-A0DC-47E4-A805-FD21E8F477EE}
	EndGlobalSection
EndGlobal
